
Microsoft Visual Studio Solution File, Format Version 12.00
# Visual Studio Version 17
VisualStudioVersion = 17.0.32112.339
MinimumVisualStudioVersion = 10.0.40219.1
Project("{FAE04EC0-301F-11D3-BF4B-00C04F79EFBC}") = "ConsoleArray", "ConsoleArray\ConsoleArray.csproj", "{F29BC3CF-A476-42B8-820D-216F2F03B93E}"
EndProject
Project("{FAE04EC0-301F-11D3-BF4B-00C04F79EFBC}") = "ListMaster", "ListMaster\ListMaster.csproj", "{8263A04C-6A29-4518-82C1-87D4C2B8AED9}"
EndProject
Global
	GlobalSection(SolutionConfigurationPlatforms) = preSolution
		Debug|Any CPU = Debug|Any CPU
		Release|Any CPU = Release|Any CPU
	EndGlobalSection
	GlobalSection(ProjectConfigurationPlatforms) = postSolution
		{F29BC3CF-A476-42B8-820D-216F2F03B93E}.Debug|Any CPU.ActiveCfg = Debug|Any CPU
		{F29BC3CF-A476-42B8-820D-216F2F03B93E}.Debug|Any CPU.Build.0 = Debug|Any CPU
		{F29BC3CF-A476-42B8-820D-216F2F03B93E}.Release|Any CPU.ActiveCfg = Release|Any CPU
		{F29BC3CF-A476-42B8-820D-216F2F03B93E}.Release|Any CPU.Build.0 = Release|Any CPU
		{8263A04C-6A29-4518-82C1-87D4C2B8AED9}.Debug|Any CPU.ActiveCfg = Debug|Any CPU
		{8263A04C-6A29-4518-82C1-87D4C2B8AED9}.Debug|Any CPU.Build.0 = Debug|Any CPU
		{8263A04C-6A29-4518-82C1-87D4C2B8AED9}.Release|Any CPU.ActiveCfg = Release|Any CPU
		{8263A04C-6A29-4518-82C1-87D4C2B8AED9}.Release|Any CPU.Build.0 = Release|Any CPU
	EndGlobalSection
	GlobalSection(SolutionProperties) = preSolution
		HideSolutionNode = FALSE
	EndGlobalSection
	GlobalSection(ExtensibilityGlobals) = postSolution
		SolutionGuid = {D76AAD89-1727-4F49-971B-A19882AFC599}
	EndGlobalSection
EndGlobal
